
Microsoft Visual Studio Solution File, Format Version 12.00
# Visual Studio 15
VisualStudioVersion = 15.0.28307.271
MinimumVisualStudioVersion = 10.0.40219.1
Project("{888888A0-9F3D-457C-B088-3A5042F75D52}") = "ShopWebApp", "ShopWebApp\ShopWebApp.pyproj", "{653D7488-682A-4093-BFB6-CF695EF38836}"
EndProject
Global
	GlobalSection(SolutionConfigurationPlatforms) = preSolution
		Debug|Any CPU = Debug|Any CPU
		Release|Any CPU = Release|Any CPU
	EndGlobalSection
	GlobalSection(ProjectConfigurationPlatforms) = postSolution
		{653D7488-682A-4093-BFB6-CF695EF38836}.Debug|Any CPU.ActiveCfg = Debug|Any CPU
		{653D7488-682A-4093-BFB6-CF695EF38836}.Debug|Any CPU.Build.0 = Debug|Any CPU
		{653D7488-682A-4093-BFB6-CF695EF38836}.Release|Any CPU.ActiveCfg = Debug|Any CPU
		{653D7488-682A-4093-BFB6-CF695EF38836}.Release|Any CPU.Build.0 = Debug|Any CPU
	EndGlobalSection
	GlobalSection(SolutionProperties) = preSolution
		HideSolutionNode = FALSE
	EndGlobalSection
	GlobalSection(ExtensibilityGlobals) = postSolution
		SolutionGuid = {04D781C7-7E06-4690-9BA9-0EE02B0265F5}
	EndGlobalSection
EndGlobal
